
Microsoft Visual Studio Solution File, Format Version 12.00
# Visual Studio Version 16
VisualStudioVersion = 16.0.31829.152
MinimumVisualStudioVersion = 10.0.40219.1
Project("{2150E333-8FDC-42A3-9474-1A3956D46DE8}") = "01.- APIs", "01.- APIs", "{6EE6B99A-6BE4-49CF-B9D2-DBCC0836FC5D}"
EndProject
Project("{2150E333-8FDC-42A3-9474-1A3956D46DE8}") = "02.- ServiceLayer", "02.- ServiceLayer", "{F8DF3E71-8B6F-47C3-8AD9-70C20C2C08FF}"
EndProject
Project("{2150E333-8FDC-42A3-9474-1A3956D46DE8}") = "03.- RepositoryLayer", "03.- RepositoryLayer", "{435FBB01-5224-4422-8DA8-42787F98F6F5}"
EndProject
Project("{2150E333-8FDC-42A3-9474-1A3956D46DE8}") = "05.- DomainLayer", "05.- DomainLayer", "{D337D833-A983-4572-B584-7744C259D446}"
EndProject
Project("{2150E333-8FDC-42A3-9474-1A3956D46DE8}") = "04.- DtoLayer", "04.- DtoLayer", "{19B5A8C2-6D8D-45D5-AF71-5992C59D76E4}"
EndProject
Project("{2150E333-8FDC-42A3-9474-1A3956D46DE8}") = "06.- CommonLayer", "06.- CommonLayer", "{BF0B5610-95CC-4A0A-B42E-FEE6A0F00857}"
EndProject
Project("{9A19103F-16F7-4668-BE54-9A1E7A4F7556}") = "WebAPI", "src\WebAPI\WebAPI.csproj", "{02021C7D-EE7F-4D7D-9C77-56B440D38B6C}"
	ProjectSection(ProjectDependencies) = postProject
		{73C81904-6A44-4D5B-B04E-72750CD696C5} = {73C81904-6A44-4D5B-B04E-72750CD696C5}
		{DF596874-872D-4910-BEC7-BBB887E3AB4B} = {DF596874-872D-4910-BEC7-BBB887E3AB4B}
		{BE368187-641E-419E-89B1-EBFF4C186F99} = {BE368187-641E-419E-89B1-EBFF4C186F99}
		{30EB9597-1654-4C1F-B118-1D391C43E34B} = {30EB9597-1654-4C1F-B118-1D391C43E34B}
		{CF84EED4-E00A-4EA2-B06E-EB403DF13C33} = {CF84EED4-E00A-4EA2-B06E-EB403DF13C33}
	EndProjectSection
EndProject
Project("{9A19103F-16F7-4668-BE54-9A1E7A4F7556}") = "ServiceLayer", "src\ServiceLayer\ServiceLayer.csproj", "{DF596874-872D-4910-BEC7-BBB887E3AB4B}"
	ProjectSection(ProjectDependencies) = postProject
		{73C81904-6A44-4D5B-B04E-72750CD696C5} = {73C81904-6A44-4D5B-B04E-72750CD696C5}
		{BE368187-641E-419E-89B1-EBFF4C186F99} = {BE368187-641E-419E-89B1-EBFF4C186F99}
		{30EB9597-1654-4C1F-B118-1D391C43E34B} = {30EB9597-1654-4C1F-B118-1D391C43E34B}
		{CF84EED4-E00A-4EA2-B06E-EB403DF13C33} = {CF84EED4-E00A-4EA2-B06E-EB403DF13C33}
	EndProjectSection
EndProject
Project("{9A19103F-16F7-4668-BE54-9A1E7A4F7556}") = "DomainLayer", "src\DomainLayer\DomainLayer.csproj", "{BE368187-641E-419E-89B1-EBFF4C186F99}"
EndProject
Project("{9A19103F-16F7-4668-BE54-9A1E7A4F7556}") = "DtoLayer", "src\DtoLayer\DtoLayer.csproj", "{CF84EED4-E00A-4EA2-B06E-EB403DF13C33}"
EndProject
Project("{9A19103F-16F7-4668-BE54-9A1E7A4F7556}") = "RepositoryLayer", "src\RepositoryLayer\RepositoryLayer.csproj", "{73C81904-6A44-4D5B-B04E-72750CD696C5}"
	ProjectSection(ProjectDependencies) = postProject
		{BE368187-641E-419E-89B1-EBFF4C186F99} = {BE368187-641E-419E-89B1-EBFF4C186F99}
		{30EB9597-1654-4C1F-B118-1D391C43E34B} = {30EB9597-1654-4C1F-B118-1D391C43E34B}
		{CF84EED4-E00A-4EA2-B06E-EB403DF13C33} = {CF84EED4-E00A-4EA2-B06E-EB403DF13C33}
	EndProjectSection
EndProject
Project("{9A19103F-16F7-4668-BE54-9A1E7A4F7556}") = "CommonLayer", "src\CommonLayer\CommonLayer.csproj", "{30EB9597-1654-4C1F-B118-1D391C43E34B}"
EndProject
Global
	GlobalSection(SolutionConfigurationPlatforms) = preSolution
		Debug|Any CPU = Debug|Any CPU
		Release|Any CPU = Release|Any CPU
	EndGlobalSection
	GlobalSection(ProjectConfigurationPlatforms) = postSolution
		{02021C7D-EE7F-4D7D-9C77-56B440D38B6C}.Debug|Any CPU.ActiveCfg = Debug|Any CPU
		{02021C7D-EE7F-4D7D-9C77-56B440D38B6C}.Debug|Any CPU.Build.0 = Debug|Any CPU
		{02021C7D-EE7F-4D7D-9C77-56B440D38B6C}.Release|Any CPU.ActiveCfg = Release|Any CPU
		{02021C7D-EE7F-4D7D-9C77-56B440D38B6C}.Release|Any CPU.Build.0 = Release|Any CPU
		{DF596874-872D-4910-BEC7-BBB887E3AB4B}.Debug|Any CPU.ActiveCfg = Debug|Any CPU
		{DF596874-872D-4910-BEC7-BBB887E3AB4B}.Debug|Any CPU.Build.0 = Debug|Any CPU
		{DF596874-872D-4910-BEC7-BBB887E3AB4B}.Release|Any CPU.ActiveCfg = Release|Any CPU
		{DF596874-872D-4910-BEC7-BBB887E3AB4B}.Release|Any CPU.Build.0 = Release|Any CPU
		{BE368187-641E-419E-89B1-EBFF4C186F99}.Debug|Any CPU.ActiveCfg = Debug|Any CPU
		{BE368187-641E-419E-89B1-EBFF4C186F99}.Debug|Any CPU.Build.0 = Debug|Any CPU
		{BE368187-641E-419E-89B1-EBFF4C186F99}.Release|Any CPU.ActiveCfg = Release|Any CPU
		{BE368187-641E-419E-89B1-EBFF4C186F99}.Release|Any CPU.Build.0 = Release|Any CPU
		{CF84EED4-E00A-4EA2-B06E-EB403DF13C33}.Debug|Any CPU.ActiveCfg = Debug|Any CPU
		{CF84EED4-E00A-4EA2-B06E-EB403DF13C33}.Debug|Any CPU.Build.0 = Debug|Any CPU
		{CF84EED4-E00A-4EA2-B06E-EB403DF13C33}.Release|Any CPU.ActiveCfg = Release|Any CPU
		{CF84EED4-E00A-4EA2-B06E-EB403DF13C33}.Release|Any CPU.Build.0 = Release|Any CPU
		{73C81904-6A44-4D5B-B04E-72750CD696C5}.Debug|Any CPU.ActiveCfg = Debug|Any CPU
		{73C81904-6A44-4D5B-B04E-72750CD696C5}.Debug|Any CPU.Build.0 = Debug|Any CPU
		{73C81904-6A44-4D5B-B04E-72750CD696C5}.Release|Any CPU.ActiveCfg = Release|Any CPU
		{73C81904-6A44-4D5B-B04E-72750CD696C5}.Release|Any CPU.Build.0 = Release|Any CPU
		{30EB9597-1654-4C1F-B118-1D391C43E34B}.Debug|Any CPU.ActiveCfg = Debug|Any CPU
		{30EB9597-1654-4C1F-B118-1D391C43E34B}.Debug|Any CPU.Build.0 = Debug|Any CPU
		{30EB9597-1654-4C1F-B118-1D391C43E34B}.Release|Any CPU.ActiveCfg = Release|Any CPU
		{30EB9597-1654-4C1F-B118-1D391C43E34B}.Release|Any CPU.Build.0 = Release|Any CPU
	EndGlobalSection
	GlobalSection(SolutionProperties) = preSolution
		HideSolutionNode = FALSE
	EndGlobalSection
	GlobalSection(NestedProjects) = preSolution
		{02021C7D-EE7F-4D7D-9C77-56B440D38B6C} = {6EE6B99A-6BE4-49CF-B9D2-DBCC0836FC5D}
		{DF596874-872D-4910-BEC7-BBB887E3AB4B} = {F8DF3E71-8B6F-47C3-8AD9-70C20C2C08FF}
		{BE368187-641E-419E-89B1-EBFF4C186F99} = {D337D833-A983-4572-B584-7744C259D446}
		{CF84EED4-E00A-4EA2-B06E-EB403DF13C33} = {19B5A8C2-6D8D-45D5-AF71-5992C59D76E4}
		{73C81904-6A44-4D5B-B04E-72750CD696C5} = {435FBB01-5224-4422-8DA8-42787F98F6F5}
		{30EB9597-1654-4C1F-B118-1D391C43E34B} = {BF0B5610-95CC-4A0A-B42E-FEE6A0F00857}
	EndGlobalSection
	GlobalSection(ExtensibilityGlobals) = postSolution
		SolutionGuid = {30AF38EE-D515-4706-9DEC-E9F9B7A7B381}
	EndGlobalSection
EndGlobal
